// !$*UTF8*$!
{
	archiveVersion = 1;
	classes = {
	};
	objectVersion = 56;
	objects = {

/* Begin PBXBuildFile section */
		72BFEEA62919CF3600DFD748 /* AppDelegate.swift in Sources */ = {isa = PBXBuildFile; fileRef = 72BFEEA52919CF3600DFD748 /* AppDelegate.swift */; };
		72BFEEA82919CF3600DFD748 /* SceneDelegate.swift in Sources */ = {isa = PBXBuildFile; fileRef = 72BFEEA72919CF3600DFD748 /* SceneDelegate.swift */; };
		72BFEEAA2919CF3600DFD748 /* ViewController.swift in Sources */ = {isa = PBXBuildFile; fileRef = 72BFEEA92919CF3600DFD748 /* ViewController.swift */; };
		72BFEEAD2919CF3600DFD748 /* Main.storyboard in Resources */ = {isa = PBXBuildFile; fileRef = 72BFEEAB2919CF3600DFD748 /* Main.storyboard */; };
		72BFEEAF2919CF3800DFD748 /* Assets.xcassets in Resources */ = {isa = PBXBuildFile; fileRef = 72BFEEAE2919CF3800DFD748 /* Assets.xcassets */; };
		72BFEEB22919CF3800DFD748 /* LaunchScreen.storyboard in Resources */ = {isa = PBXBuildFile; fileRef = 72BFEEB02919CF3800DFD748 /* LaunchScreen.storyboard */; };
		72BFEEBF291AB9CD00DFD748 /* Section.swift in Sources */ = {isa = PBXBuildFile; fileRef = 72BFEEBE291AB9CD00DFD748 /* Section.swift */; };
		72BFEEC1291ABBEA00DFD748 /* Item.swift in Sources */ = {isa = PBXBuildFile; fileRef = 72BFEEC0291ABBEA00DFD748 /* Item.swift */; };
		72BFEEC8291AFCBD00DFD748 /* LargeCell.swift in Sources */ = {isa = PBXBuildFile; fileRef = 72BFEEC6291AFCBD00DFD748 /* LargeCell.swift */; };
		72BFEEC9291AFCBD00DFD748 /* LargeCell.xib in Resources */ = {isa = PBXBuildFile; fileRef = 72BFEEC7291AFCBD00DFD748 /* LargeCell.xib */; };
		72BFEECC291AFCEB00DFD748 /* AdCell.swift in Sources */ = {isa = PBXBuildFile; fileRef = 72BFEECA291AFCEB00DFD748 /* AdCell.swift */; };
		72BFEECD291AFCEB00DFD748 /* AdCell.xib in Resources */ = {isa = PBXBuildFile; fileRef = 72BFEECB291AFCEB00DFD748 /* AdCell.xib */; };
		72BFEED0291AFD2300DFD748 /* RatingCell.swift in Sources */ = {isa = PBXBuildFile; fileRef = 72BFEECE291AFD2300DFD748 /* RatingCell.swift */; };
		72BFEED1291AFD2300DFD748 /* RatingCell.xib in Resources */ = {isa = PBXBuildFile; fileRef = 72BFEECF291AFD2300DFD748 /* RatingCell.xib */; };
		72BFEED4291BCD4000DFD748 /* HeaderCell.swift in Sources */ = {isa = PBXBuildFile; fileRef = 72BFEED2291BCD4000DFD748 /* HeaderCell.swift */; };
		72BFEED5291BCD4000DFD748 /* HeaderCell.xib in Resources */ = {isa = PBXBuildFile; fileRef = 72BFEED3291BCD4000DFD748 /* HeaderCell.xib */; };
/* End PBXBuildFile section */

/* Begin PBXFileReference section */
		72BFEEA22919CF3600DFD748 /* ClothingStore.app */ = {isa = PBXFileReference; explicitFileType = wrapper.application; includeInIndex = 0; path = ClothingStore.app; sourceTree = BUILT_PRODUCTS_DIR; };
		72BFEEA52919CF3600DFD748 /* AppDelegate.swift */ = {isa = PBXFileReference; lastKnownFileType = sourcecode.swift; path = AppDelegate.swift; sourceTree = "<group>"; };
		72BFEEA72919CF3600DFD748 /* SceneDelegate.swift */ = {isa = PBXFileReference; lastKnownFileType = sourcecode.swift; path = SceneDelegate.swift; sourceTree = "<group>"; };
		72BFEEA92919CF3600DFD748 /* ViewController.swift */ = {isa = PBXFileReference; lastKnownFileType = sourcecode.swift; path = ViewController.swift; sourceTree = "<group>"; };
		72BFEEAC2919CF3600DFD748 /* Base */ = {isa = PBXFileReference; lastKnownFileType = file.storyboard; name = Base; path = Base.lproj/Main.storyboard; sourceTree = "<group>"; };
		72BFEEAE2919CF3800DFD748 /* Assets.xcassets */ = {isa = PBXFileReference; lastKnownFileType = folder.assetcatalog; path = Assets.xcassets; sourceTree = "<group>"; };
		72BFEEB12919CF3800DFD748 /* Base */ = {isa = PBXFileReference; lastKnownFileType = file.storyboard; name = Base; path = Base.lproj/LaunchScreen.storyboard; sourceTree = "<group>"; };
		72BFEEB32919CF3800DFD748 /* Info.plist */ = {isa = PBXFileReference; lastKnownFileType = text.plist.xml; path = Info.plist; sourceTree = "<group>"; };
		72BFEEBE291AB9CD00DFD748 /* Section.swift */ = {isa = PBXFileReference; lastKnownFileType = sourcecode.swift; path = Section.swift; sourceTree = "<group>"; };
		72BFEEC0291ABBEA00DFD748 /* Item.swift */ = {isa = PBXFileReference; lastKnownFileType = sourcecode.swift; path = Item.swift; sourceTree = "<group>"; };
		72BFEEC6291AFCBD00DFD748 /* LargeCell.swift */ = {isa = PBXFileReference; lastKnownFileType = sourcecode.swift; path = LargeCell.swift; sourceTree = "<group>"; };
		72BFEEC7291AFCBD00DFD748 /* LargeCell.xib */ = {isa = PBXFileReference; lastKnownFileType = file.xib; path = LargeCell.xib; sourceTree = "<group>"; };
		72BFEECA291AFCEB00DFD748 /* AdCell.swift */ = {isa = PBXFileReference; lastKnownFileType = sourcecode.swift; path = AdCell.swift; sourceTree = "<group>"; };
		72BFEECB291AFCEB00DFD748 /* AdCell.xib */ = {isa = PBXFileReference; lastKnownFileType = file.xib; path = AdCell.xib; sourceTree = "<group>"; };
		72BFEECE291AFD2300DFD748 /* RatingCell.swift */ = {isa = PBXFileReference; lastKnownFileType = sourcecode.swift; path = RatingCell.swift; sourceTree = "<group>"; };
		72BFEECF291AFD2300DFD748 /* RatingCell.xib */ = {isa = PBXFileReference; lastKnownFileType = file.xib; path = RatingCell.xib; sourceTree = "<group>"; };
		72BFEED2291BCD4000DFD748 /* HeaderCell.swift */ = {isa = PBXFileReference; lastKnownFileType = sourcecode.swift; path = HeaderCell.swift; sourceTree = "<group>"; };
		72BFEED3291BCD4000DFD748 /* HeaderCell.xib */ = {isa = PBXFileReference; lastKnownFileType = file.xib; path = HeaderCell.xib; sourceTree = "<group>"; };
/* End PBXFileReference section */

/* Begin PBXFrameworksBuildPhase section */
		72BFEE9F2919CF3600DFD748 /* Frameworks */ = {
			isa = PBXFrameworksBuildPhase;
			buildActionMask = 2147483647;
			files = (
			);
			runOnlyForDeploymentPostprocessing = 0;
		};
/* End PBXFrameworksBuildPhase section */

/* Begin PBXGroup section */
		72BFEE992919CF3600DFD748 = {
			isa = PBXGroup;
			children = (
				72BFEEA42919CF3600DFD748 /* ClothingStore */,
				72BFEEA32919CF3600DFD748 /* Products */,
			);
			sourceTree = "<group>";
		};
		72BFEEA32919CF3600DFD748 /* Products */ = {
			isa = PBXGroup;
			children = (
				72BFEEA22919CF3600DFD748 /* ClothingStore.app */,
			);
			name = Products;
			sourceTree = "<group>";
		};
		72BFEEA42919CF3600DFD748 /* ClothingStore */ = {
			isa = PBXGroup;
			children = (
				72BFEEBC2919CF8900DFD748 /* Cells */,
				72BFEEBB2919CF7E00DFD748 /* Models */,
				72BFEEB92919CF6600DFD748 /* App */,
				72BFEEA92919CF3600DFD748 /* ViewController.swift */,
				72BFEEBD2919CF9700DFD748 /* Utilities */,
				72BFEEB32919CF3800DFD748 /* Info.plist */,
			);
			path = ClothingStore;
			sourceTree = "<group>";
		};
		72BFEEB92919CF6600DFD748 /* App */ = {
			isa = PBXGroup;
			children = (
				72BFEEA52919CF3600DFD748 /* AppDelegate.swift */,
				72BFEEA72919CF3600DFD748 /* SceneDelegate.swift */,
				72BFEEB02919CF3800DFD748 /* LaunchScreen.storyboard */,
				72BFEEAB2919CF3600DFD748 /* Main.storyboard */,
			);
			path = App;
			sourceTree = "<group>";
		};
		72BFEEBB2919CF7E00DFD748 /* Models */ = {
			isa = PBXGroup;
			children = (
				72BFEEBE291AB9CD00DFD748 /* Section.swift */,
				72BFEEC0291ABBEA00DFD748 /* Item.swift */,
			);
			path = Models;
			sourceTree = "<group>";
		};
		72BFEEBC2919CF8900DFD748 /* Cells */ = {
			isa = PBXGroup;
			children = (
				72BFEEC6291AFCBD00DFD748 /* LargeCell.swift */,
				72BFEEC7291AFCBD00DFD748 /* LargeCell.xib */,
				72BFEECA291AFCEB00DFD748 /* AdCell.swift */,
				72BFEECB291AFCEB00DFD748 /* AdCell.xib */,
				72BFEECE291AFD2300DFD748 /* RatingCell.swift */,
				72BFEECF291AFD2300DFD748 /* RatingCell.xib */,
				72BFEED2291BCD4000DFD748 /* HeaderCell.swift */,
				72BFEED3291BCD4000DFD748 /* HeaderCell.xib */,
			);
			path = Cells;
			sourceTree = "<group>";
		};
		72BFEEBD2919CF9700DFD748 /* Utilities */ = {
			isa = PBXGroup;
			children = (
				72BFEEAE2919CF3800DFD748 /* Assets.xcassets */,
			);
			path = Utilities;
			sourceTree = "<group>";
		};
/* End PBXGroup section */

/* Begin PBXNativeTarget section */
		72BFEEA12919CF3600DFD748 /* ClothingStore */ = {
			isa = PBXNativeTarget;
			buildConfigurationList = 72BFEEB62919CF3800DFD748 /* Build configuration list for PBXNativeTarget "ClothingStore" */;
			buildPhases = (
				72BFEE9E2919CF3600DFD748 /* Sources */,
				72BFEE9F2919CF3600DFD748 /* Frameworks */,
				72BFEEA02919CF3600DFD748 /* Resources */,
			);
			buildRules = (
			);
			dependencies = (
			);
			name = ClothingStore;
			productName = ClothingStore;
			productReference = 72BFEEA22919CF3600DFD748 /* ClothingStore.app */;
			productType = "com.apple.product-type.application";
		};
/* End PBXNativeTarget section */

/* Begin PBXProject section */
		72BFEE9A2919CF3600DFD748 /* Project object */ = {
			isa = PBXProject;
			attributes = {
				BuildIndependentTargetsInParallel = 1;
				LastSwiftUpdateCheck = 1410;
				LastUpgradeCheck = 1410;
				TargetAttributes = {
					72BFEEA12919CF3600DFD748 = {
						CreatedOnToolsVersion = 14.1;
					};
				};
			};
			buildConfigurationList = 72BFEE9D2919CF3600DFD748 /* Build configuration list for PBXProject "ClothingStore" */;
			compatibilityVersion = "Xcode 14.0";
			developmentRegion = en;
			hasScannedForEncodings = 0;
			knownRegions = (
				en,
				Base,
			);
			mainGroup = 72BFEE992919CF3600DFD748;
			productRefGroup = 72BFEEA32919CF3600DFD748 /* Products */;
			projectDirPath = "";
			projectRoot = "";
			targets = (
				72BFEEA12919CF3600DFD748 /* ClothingStore */,
			);
		};
/* End PBXProject section */

/* Begin PBXResourcesBuildPhase section */
		72BFEEA02919CF3600DFD748 /* Resources */ = {
			isa = PBXResourcesBuildPhase;
			buildActionMask = 2147483647;
			files = (
				72BFEEB22919CF3800DFD748 /* LaunchScreen.storyboard in Resources */,
				72BFEECD291AFCEB00DFD748 /* AdCell.xib in Resources */,
				72BFEED5291BCD4000DFD748 /* HeaderCell.xib in Resources */,
				72BFEEC9291AFCBD00DFD748 /* LargeCell.xib in Resources */,
				72BFEEAF2919CF3800DFD748 /* Assets.xcassets in Resources */,
				72BFEED1291AFD2300DFD748 /* RatingCell.xib in Resources */,
				72BFEEAD2919CF3600DFD748 /* Main.storyboard in Resources */,
			);
			runOnlyForDeploymentPostprocessing = 0;
		};
/* End PBXResourcesBuildPhase section */

/* Begin PBXSourcesBuildPhase section */
		72BFEE9E2919CF3600DFD748 /* Sources */ = {
			isa = PBXSourcesBuildPhase;
			buildActionMask = 2147483647;
			files = (
				72BFEED0291AFD2300DFD748 /* RatingCell.swift in Sources */,
				72BFEECC291AFCEB00DFD748 /* AdCell.swift in Sources */,
				72BFEEC1291ABBEA00DFD748 /* Item.swift in Sources */,
				72BFEEAA2919CF3600DFD748 /* ViewController.swift in Sources */,
				72BFEED4291BCD4000DFD748 /* HeaderCell.swift in Sources */,
				72BFEEBF291AB9CD00DFD748 /* Section.swift in Sources */,
				72BFEEC8291AFCBD00DFD748 /* LargeCell.swift in Sources */,
				72BFEEA62919CF3600DFD748 /* AppDelegate.swift in Sources */,
				72BFEEA82919CF3600DFD748 /* SceneDelegate.swift in Sources */,
			);
			runOnlyForDeploymentPostprocessing = 0;
		};
/* End PBXSourcesBuildPhase section */

/* Begin PBXVariantGroup section */
		72BFEEAB2919CF3600DFD748 /* Main.storyboard */ = {
			isa = PBXVariantGroup;
			children = (
				72BFEEAC2919CF3600DFD748 /* Base */,
			);
			name = Main.storyboard;
			sourceTree = "<group>";
		};
		72BFEEB02919CF3800DFD748 /* LaunchScreen.storyboard */ = {
			isa = PBXVariantGroup;
			children = (
				72BFEEB12919CF3800DFD748 /* Base */,
			);
			name = LaunchScreen.storyboard;
			sourceTree = "<group>";
		};
/* End PBXVariantGroup section */

/* Begin XCBuildConfiguration section */
		72BFEEB42919CF3800DFD748 /* Debug */ = {
			isa = XCBuildConfiguration;
			buildSettings = {
				ALWAYS_SEARCH_USER_PATHS = NO;
				CLANG_ANALYZER_NONNULL = YES;
				CLANG_ANALYZER_NUMBER_OBJECT_CONVERSION = YES_AGGRESSIVE;
				CLANG_CXX_LANGUAGE_STANDARD = "gnu++20";
				CLANG_ENABLE_MODULES = YES;
				CLANG_ENABLE_OBJC_ARC = YES;
				CLANG_ENABLE_OBJC_WEAK = YES;
				CLANG_WARN_BLOCK_CAPTURE_AUTORELEASING = YES;
				CLANG_WARN_BOOL_CONVERSION = YES;
				CLANG_WARN_COMMA = YES;
				CLANG_WARN_CONSTANT_CONVERSION = YES;
				CLANG_WARN_DEPRECATED_OBJC_IMPLEMENTATIONS = YES;
				CLANG_WARN_DIRECT_OBJC_ISA_USAGE = YES_ERROR;
				CLANG_WARN_DOCUMENTATION_COMMENTS = YES;
				CLANG_WARN_EMPTY_BODY = YES;
				CLANG_WARN_ENUM_CONVERSION = YES;
				CLANG_WARN_INFINITE_RECURSION = YES;
				CLANG_WARN_INT_CONVERSION = YES;
				CLANG_WARN_NON_LITERAL_NULL_CONVERSION = YES;
				CLANG_WARN_OBJC_IMPLICIT_RETAIN_SELF = YES;
				CLANG_WARN_OBJC_LITERAL_CONVERSION = YES;
				CLANG_WARN_OBJC_ROOT_CLASS = YES_ERROR;
				CLANG_WARN_QUOTED_INCLUDE_IN_FRAMEWORK_HEADER = YES;
				CLANG_WARN_RANGE_LOOP_ANALYSIS = YES;
				CLANG_WARN_STRICT_PROTOTYPES = YES;
				CLANG_WARN_SUSPICIOUS_MOVE = YES;
				CLANG_WARN_UNGUARDED_AVAILABILITY = YES_AGGRESSIVE;
				CLANG_WARN_UNREACHABLE_CODE = YES;
				CLANG_WARN__DUPLICATE_METHOD_MATCH = YES;
				COPY_PHASE_STRIP = NO;
				DEBUG_INFORMATION_FORMAT = dwarf;
				ENABLE_STRICT_OBJC_MSGSEND = YES;
				ENABLE_TESTABILITY = YES;
				GCC_C_LANGUAGE_STANDARD = gnu11;
				GCC_DYNAMIC_NO_PIC = NO;
				GCC_NO_COMMON_BLOCKS = YES;
				GCC_OPTIMIZATION_LEVEL = 0;
				GCC_PREPROCESSOR_DEFINITIONS = (
					"DEBUG=1",
					"$(inherited)",
				);
				GCC_WARN_64_TO_32_BIT_CONVERSION = YES;
				GCC_WARN_ABOUT_RETURN_TYPE = YES_ERROR;
				GCC_WARN_UNDECLARED_SELECTOR = YES;
				GCC_WARN_UNINITIALIZED_AUTOS = YES_AGGRESSIVE;
				GCC_WARN_UNUSED_FUNCTION = YES;
				GCC_WARN_UNUSED_VARIABLE = YES;
				IPHONEOS_DEPLOYMENT_TARGET = 16.1;
				MTL_ENABLE_DEBUG_INFO = INCLUDE_SOURCE;
				MTL_FAST_MATH = YES;
				ONLY_ACTIVE_ARCH = YES;
				SDKROOT = iphoneos;
				SWIFT_ACTIVE_COMPILATION_CONDITIONS = DEBUG;
				SWIFT_OPTIMIZATION_LEVEL = "-Onone";
			};
			name = Debug;
		};
		72BFEEB52919CF3800DFD748 /* Release */ = {
			isa = XCBuildConfiguration;
			buildSettings = {
				ALWAYS_SEARCH_USER_PATHS = NO;
				CLANG_ANALYZER_NONNULL = YES;
				CLANG_ANALYZER_NUMBER_OBJECT_CONVERSION = YES_AGGRESSIVE;
				CLANG_CXX_LANGUAGE_STANDARD = "gnu++20";
				CLANG_ENABLE_MODULES = YES;
				CLANG_ENABLE_OBJC_ARC = YES;
				CLANG_ENABLE_OBJC_WEAK = YES;
				CLANG_WARN_BLOCK_CAPTURE_AUTORELEASING = YES;
				CLANG_WARN_BOOL_CONVERSION = YES;
				CLANG_WARN_COMMA = YES;
				CLANG_WARN_CONSTANT_CONVERSION = YES;
				CLANG_WARN_DEPRECATED_OBJC_IMPLEMENTATIONS = YES;
				CLANG_WARN_DIRECT_OBJC_ISA_USAGE = YES_ERROR;
				CLANG_WARN_DOCUMENTATION_COMMENTS = YES;
				CLANG_WARN_EMPTY_BODY = YES;
				CLANG_WARN_ENUM_CONVERSION = YES;
				CLANG_WARN_INFINITE_RECURSION = YES;
				CLANG_WARN_INT_CONVERSION = YES;
				CLANG_WARN_NON_LITERAL_NULL_CONVERSION = YES;
				CLANG_WARN_OBJC_IMPLICIT_RETAIN_SELF = YES;
				CLANG_WARN_OBJC_LITERAL_CONVERSION = YES;
				CLANG_WARN_OBJC_ROOT_CLASS = YES_ERROR;
				CLANG_WARN_QUOTED_INCLUDE_IN_FRAMEWORK_HEADER = YES;
				CLANG_WARN_RANGE_LOOP_ANALYSIS = YES;
				CLANG_WARN_STRICT_PROTOTYPES = YES;
				CLANG_WARN_SUSPICIOUS_MOVE = YES;
				CLANG_WARN_UNGUARDED_AVAILABILITY = YES_AGGRESSIVE;
				CLANG_WARN_UNREACHABLE_CODE = YES;
				CLANG_WARN__DUPLICATE_METHOD_MATCH = YES;
				COPY_PHASE_STRIP = NO;
				DEBUG_INFORMATION_FORMAT = "dwarf-with-dsym";
				ENABLE_NS_ASSERTIONS = NO;
				ENABLE_STRICT_OBJC_MSGSEND = YES;
				GCC_C_LANGUAGE_STANDARD = gnu11;
				GCC_NO_COMMON_BLOCKS = YES;
				GCC_WARN_64_TO_32_BIT_CONVERSION = YES;
				GCC_WARN_ABOUT_RETURN_TYPE = YES_ERROR;
				GCC_WARN_UNDECLARED_SELECTOR = YES;
				GCC_WARN_UNINITIALIZED_AUTOS = YES_AGGRESSIVE;
				GCC_WARN_UNUSED_FUNCTION = YES;
				GCC_WARN_UNUSED_VARIABLE = YES;
				IPHONEOS_DEPLOYMENT_TARGET = 16.1;
				MTL_ENABLE_DEBUG_INFO = NO;
				MTL_FAST_MATH = YES;
				SDKROOT = iphoneos;
				SWIFT_COMPILATION_MODE = wholemodule;
				SWIFT_OPTIMIZATION_LEVEL = "-O";
				VALIDATE_PRODUCT = YES;
			};
			name = Release;
		};
		72BFEEB72919CF3800DFD748 /* Debug */ = {
			isa = XCBuildConfiguration;
			buildSettings = {
				ASSETCATALOG_COMPILER_APPICON_NAME = AppIcon;
				ASSETCATALOG_COMPILER_GLOBAL_ACCENT_COLOR_NAME = AccentColor;
				CODE_SIGN_STYLE = Automatic;
				CURRENT_PROJECT_VERSION = 1;
				DEVELOPMENT_TEAM = 7VYP542ZRX;
				GENERATE_INFOPLIST_FILE = YES;
				INFOPLIST_FILE = ClothingStore/Info.plist;
				INFOPLIST_KEY_UIApplicationSupportsIndirectInputEvents = YES;
				INFOPLIST_KEY_UILaunchStoryboardName = LaunchScreen;
				INFOPLIST_KEY_UIMainStoryboardFile = Main;
				INFOPLIST_KEY_UISupportedInterfaceOrientations_iPad = "UIInterfaceOrientationPortrait UIInterfaceOrientationPortraitUpsideDown UIInterfaceOrientationLandscapeLeft UIInterfaceOrientationLandscapeRight";
				INFOPLIST_KEY_UISupportedInterfaceOrientations_iPhone = "UIInterfaceOrientationPortrait UIInterfaceOrientationLandscapeLeft UIInterfaceOrientationLandscapeRight";
				LD_RUNPATH_SEARCH_PATHS = (
					"$(inherited)",
					"@executable_path/Frameworks",
				);
				MARKETING_VERSION = 1.0;
				PRODUCT_BUNDLE_IDENTIFIER = com.MindyDouglas.ClothingStore;
				PRODUCT_NAME = "$(TARGET_NAME)";
				SWIFT_EMIT_LOC_STRINGS = YES;
				SWIFT_VERSION = 5.0;
				TARGETED_DEVICE_FAMILY = "1,2";
			};
			name = Debug;
		};
		72BFEEB82919CF3800DFD748 /* Release */ = {
			isa = XCBuildConfiguration;
			buildSettings = {
				ASSETCATALOG_COMPILER_APPICON_NAME = AppIcon;
				ASSETCATALOG_COMPILER_GLOBAL_ACCENT_COLOR_NAME = AccentColor;
				CODE_SIGN_STYLE = Automatic;
				CURRENT_PROJECT_VERSION = 1;
				DEVELOPMENT_TEAM = 7VYP542ZRX;
				GENERATE_INFOPLIST_FILE = YES;
				INFOPLIST_FILE = ClothingStore/Info.plist;
				INFOPLIST_KEY_UIApplicationSupportsIndirectInputEvents = YES;
				INFOPLIST_KEY_UILaunchStoryboardName = LaunchScreen;
				INFOPLIST_KEY_UIMainStoryboardFile = Main;
				INFOPLIST_KEY_UISupportedInterfaceOrientations_iPad = "UIInterfaceOrientationPortrait UIInterfaceOrientationPortraitUpsideDown UIInterfaceOrientationLandscapeLeft UIInterfaceOrientationLandscapeRight";
				INFOPLIST_KEY_UISupportedInterfaceOrientations_iPhone = "UIInterfaceOrientationPortrait UIInterfaceOrientationLandscapeLeft UIInterfaceOrientationLandscapeRight";
				LD_RUNPATH_SEARCH_PATHS = (
					"$(inherited)",
					"@executable_path/Frameworks",
				);
				MARKETING_VERSION = 1.0;
				PRODUCT_BUNDLE_IDENTIFIER = com.MindyDouglas.ClothingStore;
				PRODUCT_NAME = "$(TARGET_NAME)";
				SWIFT_EMIT_LOC_STRINGS = YES;
				SWIFT_VERSION = 5.0;
				TARGETED_DEVICE_FAMILY = "1,2";
			};
			name = Release;
		};
/* End XCBuildConfiguration section */

/* Begin XCConfigurationList section */
		72BFEE9D2919CF3600DFD748 /* Build configuration list for PBXProject "ClothingStore" */ = {
			isa = XCConfigurationList;
			buildConfigurations = (
				72BFEEB42919CF3800DFD748 /* Debug */,
				72BFEEB52919CF3800DFD748 /* Release */,
			);
			defaultConfigurationIsVisible = 0;
			defaultConfigurationName = Release;
		};
		72BFEEB62919CF3800DFD748 /* Build configuration list for PBXNativeTarget "ClothingStore" */ = {
			isa = XCConfigurationList;
			buildConfigurations = (
				72BFEEB72919CF3800DFD748 /* Debug */,
				72BFEEB82919CF3800DFD748 /* Release */,
			);
			defaultConfigurationIsVisible = 0;
			defaultConfigurationName = Release;
		};
/* End XCConfigurationList section */
	};
	rootObject = 72BFEE9A2919CF3600DFD748 /* Project object */;
}
